
Microsoft Visual Studio Solution File, Format Version 12.00
# Visual Studio Version 17
VisualStudioVersion = 17.5.33530.505
MinimumVisualStudioVersion = 10.0.40219.1
Project("{FAE04EC0-301F-11D3-BF4B-00C04F79EFBC}") = "MazeGeneratingByBacktracking", "MazeGeneratingByBacktracking\MazeGeneratingByBacktracking.csproj", "{DF54F5B0-EF1E-4AC5-BE7A-0C7A1A98CFFA}"
EndProject
Global
	GlobalSection(SolutionConfigurationPlatforms) = preSolution
		Debug|Any CPU = Debug|Any CPU
		Release|Any CPU = Release|Any CPU
	EndGlobalSection
	GlobalSection(ProjectConfigurationPlatforms) = postSolution
		{DF54F5B0-EF1E-4AC5-BE7A-0C7A1A98CFFA}.Debug|Any CPU.ActiveCfg = Debug|Any CPU
		{DF54F5B0-EF1E-4AC5-BE7A-0C7A1A98CFFA}.Debug|Any CPU.Build.0 = Debug|Any CPU
		{DF54F5B0-EF1E-4AC5-BE7A-0C7A1A98CFFA}.Release|Any CPU.ActiveCfg = Release|Any CPU
		{DF54F5B0-EF1E-4AC5-BE7A-0C7A1A98CFFA}.Release|Any CPU.Build.0 = Release|Any CPU
	EndGlobalSection
	GlobalSection(SolutionProperties) = preSolution
		HideSolutionNode = FALSE
	EndGlobalSection
	GlobalSection(ExtensibilityGlobals) = postSolution
		SolutionGuid = {272850C4-51F5-4545-845F-B35081918701}
	EndGlobalSection
EndGlobal
